
Microsoft Visual Studio Solution File, Format Version 12.00
# Visual Studio Version 17
VisualStudioVersion = 17.8.34316.72
MinimumVisualStudioVersion = 10.0.40219.1
Project("{FAE04EC0-301F-11D3-BF4B-00C04F79EFBC}") = "Foutopsporing-1---TestLogischeFouten", "Foutopsporing-1---TestLogischeFouten\Foutopsporing-1---TestLogischeFouten.csproj", "{C9D9B0D8-AA81-40AD-9520-B45B084A0716}"
EndProject
Global
	GlobalSection(SolutionConfigurationPlatforms) = preSolution
		Debug|Any CPU = Debug|Any CPU
		Release|Any CPU = Release|Any CPU
	EndGlobalSection
	GlobalSection(ProjectConfigurationPlatforms) = postSolution
		{C9D9B0D8-AA81-40AD-9520-B45B084A0716}.Debug|Any CPU.ActiveCfg = Debug|Any CPU
		{C9D9B0D8-AA81-40AD-9520-B45B084A0716}.Debug|Any CPU.Build.0 = Debug|Any CPU
		{C9D9B0D8-AA81-40AD-9520-B45B084A0716}.Release|Any CPU.ActiveCfg = Release|Any CPU
		{C9D9B0D8-AA81-40AD-9520-B45B084A0716}.Release|Any CPU.Build.0 = Release|Any CPU
	EndGlobalSection
	GlobalSection(SolutionProperties) = preSolution
		HideSolutionNode = FALSE
	EndGlobalSection
	GlobalSection(ExtensibilityGlobals) = postSolution
		SolutionGuid = {40703FBD-707F-4EC3-9E1C-87666448E0E9}
	EndGlobalSection
EndGlobal
